// !$*UTF8*$!
{
	archiveVersion = 1;
	classes = {
	};
	objectVersion = 48;
	objects = {

/* Begin PBXBuildFile section */
		D23977F120545BF10033269C /* main.cpp in Sources */ = {isa = PBXBuildFile; fileRef = D23977F020545BF10033269C /* main.cpp */; };
		D23977F92055380E0033269C /* Reader.cpp in Sources */ = {isa = PBXBuildFile; fileRef = D23977F72055380E0033269C /* Reader.cpp */; };
		D23977FF205697580033269C /* ChessBoard.cpp in Sources */ = {isa = PBXBuildFile; fileRef = D23977FD205697580033269C /* ChessBoard.cpp */; };
		D23978042056B3EE0033269C /* Field.cpp in Sources */ = {isa = PBXBuildFile; fileRef = D23978022056B3EE0033269C /* Field.cpp */; };
		D23978072056E0660033269C /* Location.cpp in Sources */ = {isa = PBXBuildFile; fileRef = D23978052056E0660033269C /* Location.cpp */; };
		D239780A2056E2B10033269C /* PiecesMinimalCoverage.cpp in Sources */ = {isa = PBXBuildFile; fileRef = D23978082056E2B10033269C /* PiecesMinimalCoverage.cpp */; };
		D239780D2056E3F00033269C /* CoverageSolution.cpp in Sources */ = {isa = PBXBuildFile; fileRef = D239780B2056E3F00033269C /* CoverageSolution.cpp */; };
/* End PBXBuildFile section */

/* Begin PBXCopyFilesBuildPhase section */
		D23977EB20545BF10033269C /* CopyFiles */ = {
			isa = PBXCopyFilesBuildPhase;
			buildActionMask = 2147483647;
			dstPath = /usr/share/man/man1/;
			dstSubfolderSpec = 0;
			files = (
			);
			runOnlyForDeploymentPostprocessing = 1;
		};
/* End PBXCopyFilesBuildPhase section */

/* Begin PBXFileReference section */
		D23977ED20545BF10033269C /* semester-project */ = {isa = PBXFileReference; explicitFileType = "compiled.mach-o.executable"; includeInIndex = 0; path = "semester-project"; sourceTree = BUILT_PRODUCTS_DIR; };
		D23977F020545BF10033269C /* main.cpp */ = {isa = PBXFileReference; lastKnownFileType = sourcecode.cpp.cpp; path = main.cpp; sourceTree = "<group>"; };
		D23977F72055380E0033269C /* Reader.cpp */ = {isa = PBXFileReference; lastKnownFileType = sourcecode.cpp.cpp; path = Reader.cpp; sourceTree = "<group>"; };
		D23977FD205697580033269C /* ChessBoard.cpp */ = {isa = PBXFileReference; lastKnownFileType = sourcecode.cpp.cpp; path = ChessBoard.cpp; sourceTree = "<group>"; };
		D23977FE205697580033269C /* ChessBoard.hpp */ = {isa = PBXFileReference; lastKnownFileType = sourcecode.cpp.h; path = ChessBoard.hpp; sourceTree = "<group>"; };
		D23978012056AB700033269C /* Reader.hpp */ = {isa = PBXFileReference; lastKnownFileType = sourcecode.cpp.h; path = Reader.hpp; sourceTree = "<group>"; };
		D23978022056B3EE0033269C /* Field.cpp */ = {isa = PBXFileReference; lastKnownFileType = sourcecode.cpp.cpp; path = Field.cpp; sourceTree = "<group>"; };
		D23978032056B3EE0033269C /* Field.hpp */ = {isa = PBXFileReference; lastKnownFileType = sourcecode.cpp.h; path = Field.hpp; sourceTree = "<group>"; };
		D23978052056E0660033269C /* Location.cpp */ = {isa = PBXFileReference; lastKnownFileType = sourcecode.cpp.cpp; path = Location.cpp; sourceTree = "<group>"; };
		D23978062056E0660033269C /* Location.hpp */ = {isa = PBXFileReference; lastKnownFileType = sourcecode.cpp.h; path = Location.hpp; sourceTree = "<group>"; };
		D23978082056E2B10033269C /* PiecesMinimalCoverage.cpp */ = {isa = PBXFileReference; lastKnownFileType = sourcecode.cpp.cpp; path = PiecesMinimalCoverage.cpp; sourceTree = "<group>"; };
		D23978092056E2B10033269C /* PiecesMinimalCoverage.hpp */ = {isa = PBXFileReference; lastKnownFileType = sourcecode.cpp.h; path = PiecesMinimalCoverage.hpp; sourceTree = "<group>"; };
		D239780B2056E3F00033269C /* CoverageSolution.cpp */ = {isa = PBXFileReference; lastKnownFileType = sourcecode.cpp.cpp; path = CoverageSolution.cpp; sourceTree = "<group>"; };
		D239780C2056E3F00033269C /* CoverageSolution.hpp */ = {isa = PBXFileReference; lastKnownFileType = sourcecode.cpp.h; path = CoverageSolution.hpp; sourceTree = "<group>"; };
/* End PBXFileReference section */

/* Begin PBXFrameworksBuildPhase section */
		D23977EA20545BF10033269C /* Frameworks */ = {
			isa = PBXFrameworksBuildPhase;
			buildActionMask = 2147483647;
			files = (
			);
			runOnlyForDeploymentPostprocessing = 0;
		};
/* End PBXFrameworksBuildPhase section */

/* Begin PBXGroup section */
		D23977E420545BF10033269C = {
			isa = PBXGroup;
			children = (
				D23977EF20545BF10033269C /* semester-project */,
				D23977EE20545BF10033269C /* Products */,
			);
			sourceTree = "<group>";
		};
		D23977EE20545BF10033269C /* Products */ = {
			isa = PBXGroup;
			children = (
				D23977ED20545BF10033269C /* semester-project */,
			);
			name = Products;
			sourceTree = "<group>";
		};
		D23977EF20545BF10033269C /* semester-project */ = {
			isa = PBXGroup;
			children = (
				D2397800205698C50033269C /* Services */,
				D23977FC205697440033269C /* Model */,
				D23977F020545BF10033269C /* main.cpp */,
			);
			path = "semester-project";
			sourceTree = "<group>";
		};
		D23977FC205697440033269C /* Model */ = {
			isa = PBXGroup;
			children = (
				D23977FD205697580033269C /* ChessBoard.cpp */,
				D23977FE205697580033269C /* ChessBoard.hpp */,
				D23978022056B3EE0033269C /* Field.cpp */,
				D23978032056B3EE0033269C /* Field.hpp */,
				D23978052056E0660033269C /* Location.cpp */,
				D23978062056E0660033269C /* Location.hpp */,
				D239780B2056E3F00033269C /* CoverageSolution.cpp */,
				D239780C2056E3F00033269C /* CoverageSolution.hpp */,
			);
			path = Model;
			sourceTree = "<group>";
		};
		D2397800205698C50033269C /* Services */ = {
			isa = PBXGroup;
			children = (
				D23977F72055380E0033269C /* Reader.cpp */,
				D23978012056AB700033269C /* Reader.hpp */,
				D23978082056E2B10033269C /* PiecesMinimalCoverage.cpp */,
				D23978092056E2B10033269C /* PiecesMinimalCoverage.hpp */,
			);
			path = Services;
			sourceTree = "<group>";
		};
/* End PBXGroup section */

/* Begin PBXNativeTarget section */
		D23977EC20545BF10033269C /* semester-project */ = {
			isa = PBXNativeTarget;
			buildConfigurationList = D23977F420545BF10033269C /* Build configuration list for PBXNativeTarget "semester-project" */;
			buildPhases = (
				D23977E920545BF10033269C /* Sources */,
				D23977EA20545BF10033269C /* Frameworks */,
				D23977EB20545BF10033269C /* CopyFiles */,
			);
			buildRules = (
			);
			dependencies = (
			);
			name = "semester-project";
			productName = "semester-project";
			productReference = D23977ED20545BF10033269C /* semester-project */;
			productType = "com.apple.product-type.tool";
		};
/* End PBXNativeTarget section */

/* Begin PBXProject section */
		D23977E520545BF10033269C /* Project object */ = {
			isa = PBXProject;
			attributes = {
				LastUpgradeCheck = 0920;
				ORGANIZATIONNAME = "Josef Dolezal";
				TargetAttributes = {
					D23977EC20545BF10033269C = {
						CreatedOnToolsVersion = 9.2;
						ProvisioningStyle = Automatic;
					};
				};
			};
			buildConfigurationList = D23977E820545BF10033269C /* Build configuration list for PBXProject "semester-project" */;
			compatibilityVersion = "Xcode 8.0";
			developmentRegion = en;
			hasScannedForEncodings = 0;
			knownRegions = (
				en,
			);
			mainGroup = D23977E420545BF10033269C;
			productRefGroup = D23977EE20545BF10033269C /* Products */;
			projectDirPath = "";
			projectRoot = "";
			targets = (
				D23977EC20545BF10033269C /* semester-project */,
			);
		};
/* End PBXProject section */

/* Begin PBXSourcesBuildPhase section */
		D23977E920545BF10033269C /* Sources */ = {
			isa = PBXSourcesBuildPhase;
			buildActionMask = 2147483647;
			files = (
				D23977FF205697580033269C /* ChessBoard.cpp in Sources */,
				D23977F92055380E0033269C /* Reader.cpp in Sources */,
				D239780D2056E3F00033269C /* CoverageSolution.cpp in Sources */,
				D239780A2056E2B10033269C /* PiecesMinimalCoverage.cpp in Sources */,
				D23978042056B3EE0033269C /* Field.cpp in Sources */,
				D23977F120545BF10033269C /* main.cpp in Sources */,
				D23978072056E0660033269C /* Location.cpp in Sources */,
			);
			runOnlyForDeploymentPostprocessing = 0;
		};
/* End PBXSourcesBuildPhase section */

/* Begin XCBuildConfiguration section */
		D23977F220545BF10033269C /* Debug */ = {
			isa = XCBuildConfiguration;
			buildSettings = {
				ALWAYS_SEARCH_USER_PATHS = NO;
				CLANG_ANALYZER_NONNULL = YES;
				CLANG_ANALYZER_NUMBER_OBJECT_CONVERSION = YES_AGGRESSIVE;
				CLANG_CXX_LANGUAGE_STANDARD = "gnu++14";
				CLANG_CXX_LIBRARY = "libc++";
				CLANG_ENABLE_MODULES = YES;
				CLANG_ENABLE_OBJC_ARC = YES;
				CLANG_WARN_BLOCK_CAPTURE_AUTORELEASING = YES;
				CLANG_WARN_BOOL_CONVERSION = YES;
				CLANG_WARN_COMMA = YES;
				CLANG_WARN_CONSTANT_CONVERSION = YES;
				CLANG_WARN_DIRECT_OBJC_ISA_USAGE = YES_ERROR;
				CLANG_WARN_DOCUMENTATION_COMMENTS = YES;
				CLANG_WARN_EMPTY_BODY = YES;
				CLANG_WARN_ENUM_CONVERSION = YES;
				CLANG_WARN_INFINITE_RECURSION = YES;
				CLANG_WARN_INT_CONVERSION = YES;
				CLANG_WARN_NON_LITERAL_NULL_CONVERSION = YES;
				CLANG_WARN_OBJC_LITERAL_CONVERSION = YES;
				CLANG_WARN_OBJC_ROOT_CLASS = YES_ERROR;
				CLANG_WARN_RANGE_LOOP_ANALYSIS = YES;
				CLANG_WARN_STRICT_PROTOTYPES = YES;
				CLANG_WARN_SUSPICIOUS_MOVE = YES;
				CLANG_WARN_UNGUARDED_AVAILABILITY = YES_AGGRESSIVE;
				CLANG_WARN_UNREACHABLE_CODE = YES;
				CLANG_WARN__DUPLICATE_METHOD_MATCH = YES;
				CODE_SIGN_IDENTITY = "-";
				COPY_PHASE_STRIP = NO;
				DEBUG_INFORMATION_FORMAT = dwarf;
				ENABLE_STRICT_OBJC_MSGSEND = YES;
				ENABLE_TESTABILITY = YES;
				GCC_C_LANGUAGE_STANDARD = gnu11;
				GCC_DYNAMIC_NO_PIC = NO;
				GCC_NO_COMMON_BLOCKS = YES;
				GCC_OPTIMIZATION_LEVEL = 0;
				GCC_PREPROCESSOR_DEFINITIONS = (
					"DEBUG=1",
					"$(inherited)",
				);
				GCC_WARN_64_TO_32_BIT_CONVERSION = YES;
				GCC_WARN_ABOUT_RETURN_TYPE = YES_ERROR;
				GCC_WARN_UNDECLARED_SELECTOR = YES;
				GCC_WARN_UNINITIALIZED_AUTOS = YES_AGGRESSIVE;
				GCC_WARN_UNUSED_FUNCTION = YES;
				GCC_WARN_UNUSED_VARIABLE = YES;
				MACOSX_DEPLOYMENT_TARGET = 10.12;
				MTL_ENABLE_DEBUG_INFO = YES;
				ONLY_ACTIVE_ARCH = YES;
				SDKROOT = macosx;
			};
			name = Debug;
		};
		D23977F320545BF10033269C /* Release */ = {
			isa = XCBuildConfiguration;
			buildSettings = {
				ALWAYS_SEARCH_USER_PATHS = NO;
				CLANG_ANALYZER_NONNULL = YES;
				CLANG_ANALYZER_NUMBER_OBJECT_CONVERSION = YES_AGGRESSIVE;
				CLANG_CXX_LANGUAGE_STANDARD = "gnu++14";
				CLANG_CXX_LIBRARY = "libc++";
				CLANG_ENABLE_MODULES = YES;
				CLANG_ENABLE_OBJC_ARC = YES;
				CLANG_WARN_BLOCK_CAPTURE_AUTORELEASING = YES;
				CLANG_WARN_BOOL_CONVERSION = YES;
				CLANG_WARN_COMMA = YES;
				CLANG_WARN_CONSTANT_CONVERSION = YES;
				CLANG_WARN_DIRECT_OBJC_ISA_USAGE = YES_ERROR;
				CLANG_WARN_DOCUMENTATION_COMMENTS = YES;
				CLANG_WARN_EMPTY_BODY = YES;
				CLANG_WARN_ENUM_CONVERSION = YES;
				CLANG_WARN_INFINITE_RECURSION = YES;
				CLANG_WARN_INT_CONVERSION = YES;
				CLANG_WARN_NON_LITERAL_NULL_CONVERSION = YES;
				CLANG_WARN_OBJC_LITERAL_CONVERSION = YES;
				CLANG_WARN_OBJC_ROOT_CLASS = YES_ERROR;
				CLANG_WARN_RANGE_LOOP_ANALYSIS = YES;
				CLANG_WARN_STRICT_PROTOTYPES = YES;
				CLANG_WARN_SUSPICIOUS_MOVE = YES;
				CLANG_WARN_UNGUARDED_AVAILABILITY = YES_AGGRESSIVE;
				CLANG_WARN_UNREACHABLE_CODE = YES;
				CLANG_WARN__DUPLICATE_METHOD_MATCH = YES;
				CODE_SIGN_IDENTITY = "-";
				COPY_PHASE_STRIP = NO;
				DEBUG_INFORMATION_FORMAT = "dwarf-with-dsym";
				ENABLE_NS_ASSERTIONS = NO;
				ENABLE_STRICT_OBJC_MSGSEND = YES;
				GCC_C_LANGUAGE_STANDARD = gnu11;
				GCC_NO_COMMON_BLOCKS = YES;
				GCC_WARN_64_TO_32_BIT_CONVERSION = YES;
				GCC_WARN_ABOUT_RETURN_TYPE = YES_ERROR;
				GCC_WARN_UNDECLARED_SELECTOR = YES;
				GCC_WARN_UNINITIALIZED_AUTOS = YES_AGGRESSIVE;
				GCC_WARN_UNUSED_FUNCTION = YES;
				GCC_WARN_UNUSED_VARIABLE = YES;
				MACOSX_DEPLOYMENT_TARGET = 10.12;
				MTL_ENABLE_DEBUG_INFO = NO;
				SDKROOT = macosx;
			};
			name = Release;
		};
		D23977F520545BF10033269C /* Debug */ = {
			isa = XCBuildConfiguration;
			buildSettings = {
				CODE_SIGN_STYLE = Automatic;
				PRODUCT_NAME = "$(TARGET_NAME)";
			};
			name = Debug;
		};
		D23977F620545BF10033269C /* Release */ = {
			isa = XCBuildConfiguration;
			buildSettings = {
				CODE_SIGN_STYLE = Automatic;
				PRODUCT_NAME = "$(TARGET_NAME)";
			};
			name = Release;
		};
/* End XCBuildConfiguration section */

/* Begin XCConfigurationList section */
		D23977E820545BF10033269C /* Build configuration list for PBXProject "semester-project" */ = {
			isa = XCConfigurationList;
			buildConfigurations = (
				D23977F220545BF10033269C /* Debug */,
				D23977F320545BF10033269C /* Release */,
			);
			defaultConfigurationIsVisible = 0;
			defaultConfigurationName = Release;
		};
		D23977F420545BF10033269C /* Build configuration list for PBXNativeTarget "semester-project" */ = {
			isa = XCConfigurationList;
			buildConfigurations = (
				D23977F520545BF10033269C /* Debug */,
				D23977F620545BF10033269C /* Release */,
			);
			defaultConfigurationIsVisible = 0;
			defaultConfigurationName = Release;
		};
/* End XCConfigurationList section */
	};
	rootObject = D23977E520545BF10033269C /* Project object */;
}
